/datater/wu/data/MSSPE-variant/coronavirus/coronavirus.uniq
/datater/wu/data/MSSPE-variant/coronavirus/kmer15/intermediate/allKmerCount.jf
/datater/wu/data/MSSPE-variant/coronavirus/kmer15/intermediate/allKmerCount.txt
/datater/wu/data/MSSPE-variant/coronavirus/kmer15/intermediate/allKmerCount.sorted.txt
/datater/wu/data/MSSPE-variant/coronavirus/kmer15/allKmerCount.sorted.calculated.txt
/datater/wu/data/MSSPE-variant/coronavirus/kmer15/allKmerCount.sorted.calculated.filtered.txt
/datater/wu/data/MSSPE-variant/coronavirus/kmer15/intermediate/allKmerCount.sorted.calculated.filtered.fasta
/datater/wu/data/RefSeqProkaryota/RefSeqProkaryota.DB.1.ebwt
/datater/wu/data/RefSeqProkaryota/RefSeqProkaryota.DB.2.ebwt
/datater/wu/data/RefSeqProkaryota/RefSeqProkaryota.DB.3.ebwt
/datater/wu/data/RefSeqProkaryota/RefSeqProkaryota.DB.4.ebwt
/datater/wu/data/RefSeqProkaryota/RefSeqProkaryota.DB.rev.1.ebwt
/datater/wu/data/RefSeqProkaryota/RefSeqProkaryota.DB.rev.2.ebwt
/datater/wu/data/MSSPE-variant/coronavirus/kmer15/intermediate/allKmerCount.sorted.calculated.filtered.bowtie
/datater/wu/data/MSSPE-variant/coronavirus/kmer15/allKmerCount.sorted.calculated.filtered.spec.txt
/datater/wu/data/MSSPE-variant/coronavirus/coronavirus0.99.uniq
/datater/wu/data/MSSPE-variant/coronavirus/coronavirus0.99.msa
/datater/wu/data/MSSPE-variant/coronavirus/kmer15/intermediate/allKmerCount.sorted.calculated.filtered.spec.fasta
/datater/wu/data/MSSPE-variant/coronavirus/coronavirus0.99.msa.DB.1.ebwt
/datater/wu/data/MSSPE-variant/coronavirus/coronavirus0.99.msa.DB.2.ebwt
/datater/wu/data/MSSPE-variant/coronavirus/coronavirus0.99.msa.DB.3.ebwt
/datater/wu/data/MSSPE-variant/coronavirus/coronavirus0.99.msa.DB.4.ebwt
/datater/wu/data/MSSPE-variant/coronavirus/coronavirus0.99.msa.DB.rev.1.ebwt
/datater/wu/data/MSSPE-variant/coronavirus/coronavirus0.99.msa.DB.rev.2.ebwt
/datater/wu/data/MSSPE-variant/coronavirus/kmer15/intermediate/allKmerCount.sorted.calculated.filtered.spec.bowtie
/datater/wu/data/MSSPE-variant/coronavirus/kmer15/intermediate/allKmerCount.sorted.calculated.filtered.spec.position
/datater/wu/data/MSSPE-variant/coronavirus/kmer15/allOligo.set
/datater/wu/data/MSSPE-variant/coronavirus/kmer15/intermediate/aceID-taxID-species.tsv
/datater/wu/data/MSSPE-variant/coronavirus/kmer15/evaluation/allOligo.set.coverage
/datater/wu/data/MSSPE-variant/coronavirus/kmer15/evaluation/allOligo_after3.tsv
/datater/wu/data/coronavirus.fasta
/datater/wu/data/MSSPE-variant/coronavirus/coronavirus.uniq
/datater/wu/data/MSSPE-variant/coronavirus/kmer15/intermediate/allKmerCount.jf
/datater/wu/data/MSSPE-variant/coronavirus/kmer15/intermediate/allKmerCount.txt
/datater/wu/data/MSSPE-variant/coronavirus/kmer15/intermediate/allKmerCount.sorted.txt
/datater/wu/data/MSSPE-variant/coronavirus/kmer15/allKmerCount.sorted.calculated.txt
/datater/wu/data/MSSPE-variant/coronavirus/kmer15/allKmerCount.sorted.calculated.filtered.txt
/datater/wu/data/RefSeqProkaryota/RefSeqProkaryota.fna
/datater/wu/data/MSSPE-variant/coronavirus/kmer15/intermediate/allKmerCount.sorted.calculated.filtered.fasta
/datater/wu/data/RefSeqProkaryota/RefSeqProkaryota.DB.1.ebwt
/datater/wu/data/RefSeqProkaryota/RefSeqProkaryota.DB.2.ebwt
/datater/wu/data/RefSeqProkaryota/RefSeqProkaryota.DB.3.ebwt
/datater/wu/data/RefSeqProkaryota/RefSeqProkaryota.DB.4.ebwt
/datater/wu/data/RefSeqProkaryota/RefSeqProkaryota.DB.rev.1.ebwt
/datater/wu/data/RefSeqProkaryota/RefSeqProkaryota.DB.rev.2.ebwt
/datater/wu/data/MSSPE-variant/coronavirus/kmer15/intermediate/allKmerCount.sorted.calculated.filtered.bowtie
/datater/wu/data/MSSPE-variant/coronavirus/kmer15/allKmerCount.sorted.calculated.filtered.txt
/datater/wu/data/MSSPE-variant/coronavirus/coronavirus.uniq
/datater/wu/data/MSSPE-variant/coronavirus/coronavirus0.99.uniq
/datater/wu/data/MSSPE-variant/coronavirus/kmer15/allKmerCount.sorted.calculated.filtered.spec.txt
/datater/wu/data/MSSPE-variant/coronavirus/coronavirus0.99.msa
/datater/wu/data/MSSPE-variant/coronavirus/kmer15/intermediate/allKmerCount.sorted.calculated.filtered.spec.fasta
/datater/wu/data/MSSPE-variant/coronavirus/coronavirus0.99.msa.DB.1.ebwt
/datater/wu/data/MSSPE-variant/coronavirus/coronavirus0.99.msa.DB.2.ebwt
/datater/wu/data/MSSPE-variant/coronavirus/coronavirus0.99.msa.DB.3.ebwt
/datater/wu/data/MSSPE-variant/coronavirus/coronavirus0.99.msa.DB.4.ebwt
/datater/wu/data/MSSPE-variant/coronavirus/coronavirus0.99.msa.DB.rev.1.ebwt
/datater/wu/data/MSSPE-variant/coronavirus/coronavirus0.99.msa.DB.rev.2.ebwt
/datater/wu/data/MSSPE-variant/coronavirus/kmer15/intermediate/allKmerCount.sorted.calculated.filtered.spec.bowtie
/datater/wu/data/MSSPE-variant/coronavirus/kmer15/allKmerCount.sorted.calculated.filtered.spec.txt
/datater/wu/data/MSSPE-variant/coronavirus/coronavirus0.99.msa
/datater/wu/data/MSSPE-variant/coronavirus/kmer15/intermediate/allKmerCount.sorted.calculated.filtered.spec.position
/datater/wu/data/MSSPE-variant/coronavirus/coronavirus.uniq
/datater/wu/data/ncbiTaxonomy/nucl_gb.accession2taxid
/datater/wu/data/ncbiTaxonomy/ncbi_lineages_2021-04-23.csv
/datater/wu/data/MSSPE-variant/coronavirus/kmer15/allOligo.set
/datater/wu/data/MSSPE-variant/coronavirus/kmer15/intermediate/aceID-taxID-species.tsv
/datater/wu/data/MSSPE-variant/coronavirus/kmer15/intermediate/allKmerCount.sorted.calculated.filtered.spec.bowtie
/datater/wu/data/MSSPE-variant/coronavirus/kmer15/allOligo.set
