/datater/wu/data/enterovirus/checkSpecifity/reverse2028_filtered.blatn.out
/datater/wu/data/enterovirus/checkSpecifity/reverse3806_filtered.blatn.out
/datater/wu/data/enterovirus/checkSpecifity/reverse1774_filtered.blatn.out
/datater/wu/data/enterovirus/checkSpecifity/reverse3552_filtered.blatn.out
/datater/wu/data/enterovirus/checkSpecifity/reverse4822_filtered.blatn.out
/datater/wu/data/enterovirus/checkSpecifity/reverse2536_filtered.blatn.out
/datater/wu/data/enterovirus/checkSpecifity/reverse7616_filtered.blatn.out
/datater/wu/data/enterovirus/checkSpecifity/reverse7362_filtered.blatn.out
/datater/wu/data/enterovirus/checkSpecifity/reverse4314_filtered.blatn.out
/datater/wu/data/enterovirus/checkSpecifity/reverse4060_filtered.blatn.out
/datater/wu/data/enterovirus/checkSpecifity/reverse6346_filtered.blatn.out
/datater/wu/data/enterovirus/checkSpecifity/reverse758_filtered.blatn.out
/datater/wu/data/enterovirus/checkSpecifity/reverse4568_filtered.blatn.out
/datater/wu/data/enterovirus/checkSpecifity/reverse5838_filtered.blatn.out
/datater/wu/data/enterovirus/checkSpecifity/reverse8124_filtered.blatn.out
/datater/wu/data/enterovirus/checkSpecifity/reverse3044_filtered.blatn.out
/datater/wu/data/enterovirus/checkSpecifity/reverse2282_filtered.blatn.out
/datater/wu/data/enterovirus/checkSpecifity/reverse6854_filtered.blatn.out
/datater/wu/data/enterovirus/checkSpecifity/reverse5076_filtered.blatn.out
/datater/wu/data/enterovirus/checkSpecifity/reverse6092_filtered.blatn.out
/datater/wu/data/enterovirus/checkSpecifity/reverse8378_filtered.blatn.out
/datater/wu/data/enterovirus/checkSpecifity/reverse6600_filtered.blatn.out
/datater/wu/data/enterovirus/checkSpecifity/reverse1266_filtered.blatn.out
/datater/wu/data/enterovirus/checkSpecifity/reverse7870_filtered.blatn.out
/datater/wu/data/enterovirus/checkSpecifity/reverse5584_filtered.blatn.out
/datater/wu/data/enterovirus/checkSpecifity/reverse7108_filtered.blatn.out
/datater/wu/data/enterovirus/checkSpecifity/reverse5330_filtered.blatn.out
/datater/wu/data/enterovirus/checkSpecifity/reverse8632_filtered.blatn.out
/datater/wu/data/enterovirus/checkSpecifity/reverse1520_filtered.blatn.out
/datater/wu/data/enterovirus/checkSpecifity/reverse3298_filtered.blatn.out
/datater/wu/data/enterovirus/checkSpecifity/reverse2790_filtered.blatn.out
/datater/wu/data/enterovirus/checkSpecifity/reverse504_filtered.blatn.out
/datater/wu/data/enterovirus/checkSpecifity/reverse1012_filtered.blatn.out
/datater/wu/data/enterovirus/checkSpecifity/reverse2028_filtered.fasta
/datater/wu/data/enterovirus/checkSpecifity/reverse2028_filtered.tsv
/datater/wu/data/enterovirus/filtering/allOligos_reverse.filtered
/datater/wu/data/enterovirus/filtering/allOligos_reverse.calculated2
/datater/wu/data/enterovirus/filtering/reverse5842-6346.calculated2
/datater/wu/data/enterovirus/filtering/reverse762-1266.calculated2
/datater/wu/data/enterovirus/filtering/reverse2540-3044.calculated2
/datater/wu/data/enterovirus/filtering/reverse6350-6854.calculated2
/datater/wu/data/enterovirus/filtering/reverse5588-6092.calculated2
/datater/wu/data/enterovirus/filtering/reverse8636-9140.calculated2
/datater/wu/data/enterovirus/filtering/reverse2032-2536.calculated2
/datater/wu/data/enterovirus/filtering/reverse7366-7870.calculated2
/datater/wu/data/enterovirus/filtering/reverse508-1012.calculated2
/datater/wu/data/enterovirus/filtering/reverse1016-1520.calculated2
/datater/wu/data/enterovirus/filtering/reverse1778-2282.calculated2
/datater/wu/data/enterovirus/filtering/reverse5080-5584.calculated2
/datater/wu/data/enterovirus/filtering/reverse4572-5076.calculated2
/datater/wu/data/enterovirus/filtering/reverse254-758.calculated2
/datater/wu/data/enterovirus/filtering/reverse7112-7616.calculated2
/datater/wu/data/enterovirus/filtering/reverse7874-8378.calculated2
/datater/wu/data/enterovirus/filtering/reverse1524-2028.calculated2
/datater/wu/data/enterovirus/filtering/reverse1270-1774.calculated2
/datater/wu/data/enterovirus/filtering/reverse7620-8124.calculated2
/datater/wu/data/enterovirus/filtering/reverse3810-4314.calculated2
/datater/wu/data/enterovirus/filtering/reverse4064-4568.calculated2
/datater/wu/data/enterovirus/filtering/reverse3302-3806.calculated2
/datater/wu/data/enterovirus/filtering/reverse6604-7108.calculated2
/datater/wu/data/enterovirus/filtering/reverse8890-9394.calculated2
/datater/wu/data/enterovirus/filtering/reverse8382-8886.calculated2
/datater/wu/data/enterovirus/filtering/reverse3048-3552.calculated2
/datater/wu/data/enterovirus/filtering/reverse6096-6600.calculated2
/datater/wu/data/enterovirus/filtering/reverse3556-4060.calculated2
/datater/wu/data/enterovirus/filtering/reverse4826-5330.calculated2
/datater/wu/data/enterovirus/filtering/reverse0-504.calculated2
/datater/wu/data/enterovirus/filtering/reverse2794-3298.calculated2
/datater/wu/data/enterovirus/filtering/reverse4318-4822.calculated2
/datater/wu/data/enterovirus/filtering/reverse5334-5838.calculated2
/datater/wu/data/enterovirus/filtering/reverse2286-2790.calculated2
/datater/wu/data/enterovirus/filtering/reverse9144-9382.calculated2
/datater/wu/data/enterovirus/filtering/reverse6858-7362.calculated2
/datater/wu/data/enterovirus/filtering/reverse8128-8632.calculated2
/datater/wu/data/enterovirus/filtering/reverse5842-6346.nessieOut
/datater/wu/data/enterovirus/filtering/reverse5842-6346.fasta
/datater/wu/data/enterovirus/filtering/reverse5842-6346.fasta
/datater/wu/data/enterovirus/filtering/reverse5842-6346.calculated
/datater/wu/data/enterovirus/dsk/reverse5842-6346.kCountSorted
/datater/wu/data/enterovirus/dsk/reverse5842-6346.kCount
/datater/wu/data/enterovirus/dsk/reverse5842-6346.h5
/datater/wu/data/enterovirus/splitFiles/reverse5842-6346.fasta
/datater/wu/data/enterovirus/filtering/reverse762-1266.nessieOut
/datater/wu/data/enterovirus/filtering/reverse762-1266.fasta
/datater/wu/data/enterovirus/filtering/reverse762-1266.fasta
/datater/wu/data/enterovirus/filtering/reverse762-1266.calculated
/datater/wu/data/enterovirus/dsk/reverse762-1266.kCountSorted
/datater/wu/data/enterovirus/dsk/reverse762-1266.kCount
/datater/wu/data/enterovirus/dsk/reverse762-1266.h5
/datater/wu/data/enterovirus/splitFiles/reverse762-1266.fasta
/datater/wu/data/enterovirus/filtering/reverse2540-3044.nessieOut
/datater/wu/data/enterovirus/filtering/reverse2540-3044.fasta
/datater/wu/data/enterovirus/filtering/reverse2540-3044.fasta
/datater/wu/data/enterovirus/filtering/reverse2540-3044.calculated
/datater/wu/data/enterovirus/dsk/reverse2540-3044.kCountSorted
/datater/wu/data/enterovirus/dsk/reverse2540-3044.kCount
/datater/wu/data/enterovirus/dsk/reverse2540-3044.h5
/datater/wu/data/enterovirus/splitFiles/reverse2540-3044.fasta
/datater/wu/data/enterovirus/filtering/reverse6350-6854.nessieOut
/datater/wu/data/enterovirus/filtering/reverse6350-6854.fasta
/datater/wu/data/enterovirus/filtering/reverse6350-6854.fasta
/datater/wu/data/enterovirus/filtering/reverse6350-6854.calculated
/datater/wu/data/enterovirus/dsk/reverse6350-6854.kCountSorted
/datater/wu/data/enterovirus/dsk/reverse6350-6854.kCount
/datater/wu/data/enterovirus/dsk/reverse6350-6854.h5
/datater/wu/data/enterovirus/splitFiles/reverse6350-6854.fasta
/datater/wu/data/enterovirus/filtering/reverse5588-6092.nessieOut
/datater/wu/data/enterovirus/filtering/reverse5588-6092.fasta
/datater/wu/data/enterovirus/filtering/reverse5588-6092.fasta
/datater/wu/data/enterovirus/filtering/reverse5588-6092.calculated
/datater/wu/data/enterovirus/dsk/reverse5588-6092.kCountSorted
/datater/wu/data/enterovirus/dsk/reverse5588-6092.kCount
/datater/wu/data/enterovirus/dsk/reverse5588-6092.h5
/datater/wu/data/enterovirus/splitFiles/reverse5588-6092.fasta
/datater/wu/data/enterovirus/filtering/reverse8636-9140.nessieOut
/datater/wu/data/enterovirus/filtering/reverse8636-9140.fasta
/datater/wu/data/enterovirus/filtering/reverse8636-9140.fasta
/datater/wu/data/enterovirus/filtering/reverse8636-9140.calculated
/datater/wu/data/enterovirus/dsk/reverse8636-9140.kCountSorted
/datater/wu/data/enterovirus/dsk/reverse8636-9140.kCount
/datater/wu/data/enterovirus/dsk/reverse8636-9140.h5
/datater/wu/data/enterovirus/splitFiles/reverse8636-9140.fasta
/datater/wu/data/enterovirus/filtering/reverse2032-2536.nessieOut
/datater/wu/data/enterovirus/filtering/reverse2032-2536.fasta
/datater/wu/data/enterovirus/filtering/reverse2032-2536.fasta
/datater/wu/data/enterovirus/filtering/reverse2032-2536.calculated
/datater/wu/data/enterovirus/dsk/reverse2032-2536.kCountSorted
/datater/wu/data/enterovirus/dsk/reverse2032-2536.kCount
/datater/wu/data/enterovirus/dsk/reverse2032-2536.h5
/datater/wu/data/enterovirus/splitFiles/reverse2032-2536.fasta
/datater/wu/data/enterovirus/filtering/reverse7366-7870.nessieOut
/datater/wu/data/enterovirus/filtering/reverse7366-7870.fasta
/datater/wu/data/enterovirus/filtering/reverse7366-7870.fasta
/datater/wu/data/enterovirus/filtering/reverse7366-7870.calculated
/datater/wu/data/enterovirus/dsk/reverse7366-7870.kCountSorted
/datater/wu/data/enterovirus/dsk/reverse7366-7870.kCount
/datater/wu/data/enterovirus/dsk/reverse7366-7870.h5
/datater/wu/data/enterovirus/splitFiles/reverse7366-7870.fasta
/datater/wu/data/enterovirus/filtering/reverse508-1012.nessieOut
/datater/wu/data/enterovirus/filtering/reverse508-1012.fasta
/datater/wu/data/enterovirus/filtering/reverse508-1012.fasta
/datater/wu/data/enterovirus/filtering/reverse508-1012.calculated
/datater/wu/data/enterovirus/dsk/reverse508-1012.kCountSorted
/datater/wu/data/enterovirus/dsk/reverse508-1012.kCount
/datater/wu/data/enterovirus/dsk/reverse508-1012.h5
/datater/wu/data/enterovirus/splitFiles/reverse508-1012.fasta
/datater/wu/data/enterovirus/filtering/reverse1016-1520.nessieOut
/datater/wu/data/enterovirus/filtering/reverse1016-1520.fasta
/datater/wu/data/enterovirus/filtering/reverse1016-1520.fasta
/datater/wu/data/enterovirus/filtering/reverse1016-1520.calculated
/datater/wu/data/enterovirus/dsk/reverse1016-1520.kCountSorted
/datater/wu/data/enterovirus/dsk/reverse1016-1520.kCount
/datater/wu/data/enterovirus/dsk/reverse1016-1520.h5
/datater/wu/data/enterovirus/splitFiles/reverse1016-1520.fasta
/datater/wu/data/enterovirus/filtering/reverse1778-2282.nessieOut
/datater/wu/data/enterovirus/filtering/reverse1778-2282.fasta
/datater/wu/data/enterovirus/filtering/reverse1778-2282.fasta
/datater/wu/data/enterovirus/filtering/reverse1778-2282.calculated
/datater/wu/data/enterovirus/dsk/reverse1778-2282.kCountSorted
/datater/wu/data/enterovirus/dsk/reverse1778-2282.kCount
/datater/wu/data/enterovirus/dsk/reverse1778-2282.h5
/datater/wu/data/enterovirus/splitFiles/reverse1778-2282.fasta
/datater/wu/data/enterovirus/filtering/reverse5080-5584.nessieOut
/datater/wu/data/enterovirus/filtering/reverse5080-5584.fasta
/datater/wu/data/enterovirus/filtering/reverse5080-5584.fasta
/datater/wu/data/enterovirus/filtering/reverse5080-5584.calculated
/datater/wu/data/enterovirus/dsk/reverse5080-5584.kCountSorted
/datater/wu/data/enterovirus/dsk/reverse5080-5584.kCount
/datater/wu/data/enterovirus/dsk/reverse5080-5584.h5
/datater/wu/data/enterovirus/splitFiles/reverse5080-5584.fasta
/datater/wu/data/enterovirus/filtering/reverse4572-5076.nessieOut
/datater/wu/data/enterovirus/filtering/reverse4572-5076.fasta
/datater/wu/data/enterovirus/filtering/reverse4572-5076.fasta
/datater/wu/data/enterovirus/filtering/reverse4572-5076.calculated
/datater/wu/data/enterovirus/dsk/reverse4572-5076.kCountSorted
/datater/wu/data/enterovirus/dsk/reverse4572-5076.kCount
/datater/wu/data/enterovirus/dsk/reverse4572-5076.h5
/datater/wu/data/enterovirus/splitFiles/reverse4572-5076.fasta
/datater/wu/data/enterovirus/filtering/reverse254-758.nessieOut
/datater/wu/data/enterovirus/filtering/reverse254-758.fasta
/datater/wu/data/enterovirus/filtering/reverse254-758.fasta
/datater/wu/data/enterovirus/filtering/reverse254-758.calculated
/datater/wu/data/enterovirus/dsk/reverse254-758.kCountSorted
/datater/wu/data/enterovirus/dsk/reverse254-758.kCount
/datater/wu/data/enterovirus/dsk/reverse254-758.h5
/datater/wu/data/enterovirus/splitFiles/reverse254-758.fasta
/datater/wu/data/enterovirus/filtering/reverse7112-7616.nessieOut
/datater/wu/data/enterovirus/filtering/reverse7112-7616.fasta
/datater/wu/data/enterovirus/filtering/reverse7112-7616.fasta
/datater/wu/data/enterovirus/filtering/reverse7112-7616.calculated
/datater/wu/data/enterovirus/dsk/reverse7112-7616.kCountSorted
/datater/wu/data/enterovirus/dsk/reverse7112-7616.kCount
/datater/wu/data/enterovirus/dsk/reverse7112-7616.h5
/datater/wu/data/enterovirus/splitFiles/reverse7112-7616.fasta
/datater/wu/data/enterovirus/filtering/reverse7874-8378.nessieOut
/datater/wu/data/enterovirus/filtering/reverse7874-8378.fasta
/datater/wu/data/enterovirus/filtering/reverse7874-8378.fasta
/datater/wu/data/enterovirus/filtering/reverse7874-8378.calculated
/datater/wu/data/enterovirus/dsk/reverse7874-8378.kCountSorted
/datater/wu/data/enterovirus/dsk/reverse7874-8378.kCount
/datater/wu/data/enterovirus/dsk/reverse7874-8378.h5
/datater/wu/data/enterovirus/splitFiles/reverse7874-8378.fasta
/datater/wu/data/enterovirus/filtering/reverse1524-2028.nessieOut
/datater/wu/data/enterovirus/filtering/reverse1524-2028.fasta
/datater/wu/data/enterovirus/filtering/reverse1524-2028.fasta
/datater/wu/data/enterovirus/filtering/reverse1524-2028.calculated
/datater/wu/data/enterovirus/dsk/reverse1524-2028.kCountSorted
/datater/wu/data/enterovirus/dsk/reverse1524-2028.kCount
/datater/wu/data/enterovirus/dsk/reverse1524-2028.h5
/datater/wu/data/enterovirus/splitFiles/reverse1524-2028.fasta
/datater/wu/data/enterovirus/filtering/reverse1270-1774.nessieOut
/datater/wu/data/enterovirus/filtering/reverse1270-1774.fasta
/datater/wu/data/enterovirus/filtering/reverse1270-1774.fasta
/datater/wu/data/enterovirus/filtering/reverse1270-1774.calculated
/datater/wu/data/enterovirus/dsk/reverse1270-1774.kCountSorted
/datater/wu/data/enterovirus/dsk/reverse1270-1774.kCount
/datater/wu/data/enterovirus/dsk/reverse1270-1774.h5
/datater/wu/data/enterovirus/splitFiles/reverse1270-1774.fasta
/datater/wu/data/enterovirus/filtering/reverse7620-8124.nessieOut
/datater/wu/data/enterovirus/filtering/reverse7620-8124.fasta
/datater/wu/data/enterovirus/filtering/reverse7620-8124.fasta
/datater/wu/data/enterovirus/filtering/reverse7620-8124.calculated
/datater/wu/data/enterovirus/dsk/reverse7620-8124.kCountSorted
/datater/wu/data/enterovirus/dsk/reverse7620-8124.kCount
/datater/wu/data/enterovirus/dsk/reverse7620-8124.h5
/datater/wu/data/enterovirus/splitFiles/reverse7620-8124.fasta
/datater/wu/data/enterovirus/filtering/reverse3810-4314.nessieOut
/datater/wu/data/enterovirus/filtering/reverse3810-4314.fasta
/datater/wu/data/enterovirus/filtering/reverse3810-4314.fasta
/datater/wu/data/enterovirus/filtering/reverse3810-4314.calculated
/datater/wu/data/enterovirus/dsk/reverse3810-4314.kCountSorted
/datater/wu/data/enterovirus/dsk/reverse3810-4314.kCount
/datater/wu/data/enterovirus/dsk/reverse3810-4314.h5
/datater/wu/data/enterovirus/splitFiles/reverse3810-4314.fasta
/datater/wu/data/enterovirus/filtering/reverse4064-4568.nessieOut
/datater/wu/data/enterovirus/filtering/reverse4064-4568.fasta
/datater/wu/data/enterovirus/filtering/reverse4064-4568.fasta
/datater/wu/data/enterovirus/filtering/reverse4064-4568.calculated
/datater/wu/data/enterovirus/dsk/reverse4064-4568.kCountSorted
/datater/wu/data/enterovirus/dsk/reverse4064-4568.kCount
/datater/wu/data/enterovirus/dsk/reverse4064-4568.h5
/datater/wu/data/enterovirus/splitFiles/reverse4064-4568.fasta
/datater/wu/data/enterovirus/filtering/reverse3302-3806.nessieOut
/datater/wu/data/enterovirus/filtering/reverse3302-3806.fasta
/datater/wu/data/enterovirus/filtering/reverse3302-3806.fasta
/datater/wu/data/enterovirus/filtering/reverse3302-3806.calculated
/datater/wu/data/enterovirus/dsk/reverse3302-3806.kCountSorted
/datater/wu/data/enterovirus/dsk/reverse3302-3806.kCount
/datater/wu/data/enterovirus/dsk/reverse3302-3806.h5
/datater/wu/data/enterovirus/splitFiles/reverse3302-3806.fasta
/datater/wu/data/enterovirus/filtering/reverse6604-7108.nessieOut
/datater/wu/data/enterovirus/filtering/reverse6604-7108.fasta
/datater/wu/data/enterovirus/filtering/reverse6604-7108.fasta
/datater/wu/data/enterovirus/filtering/reverse6604-7108.calculated
/datater/wu/data/enterovirus/dsk/reverse6604-7108.kCountSorted
/datater/wu/data/enterovirus/dsk/reverse6604-7108.kCount
/datater/wu/data/enterovirus/dsk/reverse6604-7108.h5
/datater/wu/data/enterovirus/splitFiles/reverse6604-7108.fasta
/datater/wu/data/enterovirus/filtering/reverse8890-9394.nessieOut
/datater/wu/data/enterovirus/filtering/reverse8890-9394.fasta
/datater/wu/data/enterovirus/filtering/reverse8890-9394.fasta
/datater/wu/data/enterovirus/filtering/reverse8890-9394.calculated
/datater/wu/data/enterovirus/dsk/reverse8890-9394.kCountSorted
/datater/wu/data/enterovirus/dsk/reverse8890-9394.kCount
/datater/wu/data/enterovirus/dsk/reverse8890-9394.h5
/datater/wu/data/enterovirus/splitFiles/reverse8890-9394.fasta
/datater/wu/data/enterovirus/filtering/reverse8382-8886.nessieOut
/datater/wu/data/enterovirus/filtering/reverse8382-8886.fasta
/datater/wu/data/enterovirus/filtering/reverse8382-8886.fasta
/datater/wu/data/enterovirus/filtering/reverse8382-8886.calculated
/datater/wu/data/enterovirus/dsk/reverse8382-8886.kCountSorted
/datater/wu/data/enterovirus/dsk/reverse8382-8886.kCount
/datater/wu/data/enterovirus/dsk/reverse8382-8886.h5
/datater/wu/data/enterovirus/splitFiles/reverse8382-8886.fasta
/datater/wu/data/enterovirus/filtering/reverse3048-3552.nessieOut
/datater/wu/data/enterovirus/filtering/reverse3048-3552.fasta
/datater/wu/data/enterovirus/filtering/reverse3048-3552.fasta
/datater/wu/data/enterovirus/filtering/reverse3048-3552.calculated
/datater/wu/data/enterovirus/dsk/reverse3048-3552.kCountSorted
/datater/wu/data/enterovirus/dsk/reverse3048-3552.kCount
/datater/wu/data/enterovirus/dsk/reverse3048-3552.h5
/datater/wu/data/enterovirus/splitFiles/reverse3048-3552.fasta
/datater/wu/data/enterovirus/filtering/reverse6096-6600.nessieOut
/datater/wu/data/enterovirus/filtering/reverse6096-6600.fasta
/datater/wu/data/enterovirus/filtering/reverse6096-6600.fasta
/datater/wu/data/enterovirus/filtering/reverse6096-6600.calculated
/datater/wu/data/enterovirus/dsk/reverse6096-6600.kCountSorted
/datater/wu/data/enterovirus/dsk/reverse6096-6600.kCount
/datater/wu/data/enterovirus/dsk/reverse6096-6600.h5
/datater/wu/data/enterovirus/splitFiles/reverse6096-6600.fasta
/datater/wu/data/enterovirus/filtering/reverse3556-4060.nessieOut
/datater/wu/data/enterovirus/filtering/reverse3556-4060.fasta
/datater/wu/data/enterovirus/filtering/reverse3556-4060.fasta
/datater/wu/data/enterovirus/filtering/reverse3556-4060.calculated
/datater/wu/data/enterovirus/dsk/reverse3556-4060.kCountSorted
/datater/wu/data/enterovirus/dsk/reverse3556-4060.kCount
/datater/wu/data/enterovirus/dsk/reverse3556-4060.h5
/datater/wu/data/enterovirus/splitFiles/reverse3556-4060.fasta
/datater/wu/data/enterovirus/filtering/reverse4826-5330.nessieOut
/datater/wu/data/enterovirus/filtering/reverse4826-5330.fasta
/datater/wu/data/enterovirus/filtering/reverse4826-5330.fasta
/datater/wu/data/enterovirus/filtering/reverse4826-5330.calculated
/datater/wu/data/enterovirus/dsk/reverse4826-5330.kCountSorted
/datater/wu/data/enterovirus/dsk/reverse4826-5330.kCount
/datater/wu/data/enterovirus/dsk/reverse4826-5330.h5
/datater/wu/data/enterovirus/splitFiles/reverse4826-5330.fasta
/datater/wu/data/enterovirus/filtering/reverse0-504.nessieOut
/datater/wu/data/enterovirus/filtering/reverse0-504.fasta
/datater/wu/data/enterovirus/filtering/reverse0-504.fasta
/datater/wu/data/enterovirus/filtering/reverse0-504.calculated
/datater/wu/data/enterovirus/dsk/reverse0-504.kCountSorted
/datater/wu/data/enterovirus/dsk/reverse0-504.kCount
/datater/wu/data/enterovirus/dsk/reverse0-504.h5
/datater/wu/data/enterovirus/splitFiles/reverse0-504.fasta
/datater/wu/data/enterovirus/filtering/reverse2794-3298.nessieOut
/datater/wu/data/enterovirus/filtering/reverse2794-3298.fasta
/datater/wu/data/enterovirus/filtering/reverse2794-3298.fasta
/datater/wu/data/enterovirus/filtering/reverse2794-3298.calculated
/datater/wu/data/enterovirus/dsk/reverse2794-3298.kCountSorted
/datater/wu/data/enterovirus/dsk/reverse2794-3298.kCount
/datater/wu/data/enterovirus/dsk/reverse2794-3298.h5
/datater/wu/data/enterovirus/splitFiles/reverse2794-3298.fasta
/datater/wu/data/enterovirus/filtering/reverse4318-4822.nessieOut
/datater/wu/data/enterovirus/filtering/reverse4318-4822.fasta
/datater/wu/data/enterovirus/filtering/reverse4318-4822.fasta
/datater/wu/data/enterovirus/filtering/reverse4318-4822.calculated
/datater/wu/data/enterovirus/dsk/reverse4318-4822.kCountSorted
/datater/wu/data/enterovirus/dsk/reverse4318-4822.kCount
/datater/wu/data/enterovirus/dsk/reverse4318-4822.h5
/datater/wu/data/enterovirus/splitFiles/reverse4318-4822.fasta
/datater/wu/data/enterovirus/filtering/reverse5334-5838.nessieOut
/datater/wu/data/enterovirus/filtering/reverse5334-5838.fasta
/datater/wu/data/enterovirus/filtering/reverse5334-5838.fasta
/datater/wu/data/enterovirus/filtering/reverse5334-5838.calculated
/datater/wu/data/enterovirus/dsk/reverse5334-5838.kCountSorted
/datater/wu/data/enterovirus/dsk/reverse5334-5838.kCount
/datater/wu/data/enterovirus/dsk/reverse5334-5838.h5
/datater/wu/data/enterovirus/splitFiles/reverse5334-5838.fasta
/datater/wu/data/enterovirus/filtering/reverse2286-2790.nessieOut
/datater/wu/data/enterovirus/filtering/reverse2286-2790.fasta
/datater/wu/data/enterovirus/filtering/reverse2286-2790.fasta
/datater/wu/data/enterovirus/filtering/reverse2286-2790.calculated
/datater/wu/data/enterovirus/dsk/reverse2286-2790.kCountSorted
/datater/wu/data/enterovirus/dsk/reverse2286-2790.kCount
/datater/wu/data/enterovirus/dsk/reverse2286-2790.h5
/datater/wu/data/enterovirus/splitFiles/reverse2286-2790.fasta
/datater/wu/data/enterovirus/filtering/reverse9144-9382.nessieOut
/datater/wu/data/enterovirus/filtering/reverse9144-9382.fasta
/datater/wu/data/enterovirus/filtering/reverse9144-9382.fasta
/datater/wu/data/enterovirus/filtering/reverse9144-9382.calculated
/datater/wu/data/enterovirus/dsk/reverse9144-9382.kCountSorted
/datater/wu/data/enterovirus/dsk/reverse9144-9382.kCount
/datater/wu/data/enterovirus/dsk/reverse9144-9382.h5
/datater/wu/data/enterovirus/splitFiles/reverse9144-9382.fasta
/datater/wu/data/enterovirus/filtering/reverse6858-7362.nessieOut
/datater/wu/data/enterovirus/filtering/reverse6858-7362.fasta
/datater/wu/data/enterovirus/filtering/reverse6858-7362.fasta
/datater/wu/data/enterovirus/filtering/reverse6858-7362.calculated
/datater/wu/data/enterovirus/dsk/reverse6858-7362.kCountSorted
/datater/wu/data/enterovirus/dsk/reverse6858-7362.kCount
/datater/wu/data/enterovirus/dsk/reverse6858-7362.h5
/datater/wu/data/enterovirus/splitFiles/reverse6858-7362.fasta
/datater/wu/data/enterovirus/filtering/reverse8128-8632.nessieOut
/datater/wu/data/enterovirus/filtering/reverse8128-8632.fasta
/datater/wu/data/enterovirus/filtering/reverse8128-8632.fasta
/datater/wu/data/enterovirus/filtering/reverse8128-8632.calculated
/datater/wu/data/enterovirus/dsk/reverse8128-8632.kCountSorted
/datater/wu/data/enterovirus/dsk/reverse8128-8632.kCount
/datater/wu/data/enterovirus/dsk/reverse8128-8632.h5
/datater/wu/data/enterovirus/splitFiles/reverse8128-8632.fasta
/datater/wu/data/enterovirus/checkSpecifity/reverse3806_filtered.fasta
/datater/wu/data/enterovirus/checkSpecifity/reverse3806_filtered.tsv
/datater/wu/data/enterovirus/checkSpecifity/reverse1774_filtered.fasta
/datater/wu/data/enterovirus/checkSpecifity/reverse1774_filtered.tsv
/datater/wu/data/enterovirus/checkSpecifity/reverse3552_filtered.fasta
/datater/wu/data/enterovirus/checkSpecifity/reverse3552_filtered.tsv
/datater/wu/data/enterovirus/checkSpecifity/reverse4822_filtered.fasta
/datater/wu/data/enterovirus/checkSpecifity/reverse4822_filtered.tsv
/datater/wu/data/enterovirus/checkSpecifity/reverse2536_filtered.fasta
/datater/wu/data/enterovirus/checkSpecifity/reverse2536_filtered.tsv
/datater/wu/data/enterovirus/checkSpecifity/reverse7616_filtered.fasta
/datater/wu/data/enterovirus/checkSpecifity/reverse7616_filtered.tsv
/datater/wu/data/enterovirus/checkSpecifity/reverse7362_filtered.fasta
/datater/wu/data/enterovirus/checkSpecifity/reverse7362_filtered.tsv
/datater/wu/data/enterovirus/checkSpecifity/reverse4314_filtered.fasta
/datater/wu/data/enterovirus/checkSpecifity/reverse4314_filtered.tsv
/datater/wu/data/enterovirus/checkSpecifity/reverse4060_filtered.fasta
/datater/wu/data/enterovirus/checkSpecifity/reverse4060_filtered.tsv
/datater/wu/data/enterovirus/checkSpecifity/reverse6346_filtered.fasta
/datater/wu/data/enterovirus/checkSpecifity/reverse6346_filtered.tsv
/datater/wu/data/enterovirus/checkSpecifity/reverse758_filtered.fasta
/datater/wu/data/enterovirus/checkSpecifity/reverse758_filtered.tsv
/datater/wu/data/enterovirus/checkSpecifity/reverse4568_filtered.fasta
/datater/wu/data/enterovirus/checkSpecifity/reverse4568_filtered.tsv
/datater/wu/data/enterovirus/checkSpecifity/reverse5838_filtered.fasta
/datater/wu/data/enterovirus/checkSpecifity/reverse5838_filtered.tsv
/datater/wu/data/enterovirus/checkSpecifity/reverse8124_filtered.fasta
/datater/wu/data/enterovirus/checkSpecifity/reverse8124_filtered.tsv
/datater/wu/data/enterovirus/checkSpecifity/reverse3044_filtered.fasta
/datater/wu/data/enterovirus/checkSpecifity/reverse3044_filtered.tsv
/datater/wu/data/enterovirus/checkSpecifity/reverse2282_filtered.fasta
/datater/wu/data/enterovirus/checkSpecifity/reverse2282_filtered.tsv
/datater/wu/data/enterovirus/checkSpecifity/reverse6854_filtered.fasta
/datater/wu/data/enterovirus/checkSpecifity/reverse6854_filtered.tsv
/datater/wu/data/enterovirus/checkSpecifity/reverse5076_filtered.fasta
/datater/wu/data/enterovirus/checkSpecifity/reverse5076_filtered.tsv
/datater/wu/data/enterovirus/checkSpecifity/reverse6092_filtered.fasta
/datater/wu/data/enterovirus/checkSpecifity/reverse6092_filtered.tsv
/datater/wu/data/enterovirus/checkSpecifity/reverse8378_filtered.fasta
/datater/wu/data/enterovirus/checkSpecifity/reverse8378_filtered.tsv
/datater/wu/data/enterovirus/checkSpecifity/reverse6600_filtered.fasta
/datater/wu/data/enterovirus/checkSpecifity/reverse6600_filtered.tsv
/datater/wu/data/enterovirus/checkSpecifity/reverse1266_filtered.fasta
/datater/wu/data/enterovirus/checkSpecifity/reverse1266_filtered.tsv
/datater/wu/data/enterovirus/checkSpecifity/reverse7870_filtered.fasta
/datater/wu/data/enterovirus/checkSpecifity/reverse7870_filtered.tsv
/datater/wu/data/enterovirus/checkSpecifity/reverse5584_filtered.fasta
/datater/wu/data/enterovirus/checkSpecifity/reverse5584_filtered.tsv
/datater/wu/data/enterovirus/checkSpecifity/reverse7108_filtered.fasta
/datater/wu/data/enterovirus/checkSpecifity/reverse7108_filtered.tsv
/datater/wu/data/enterovirus/checkSpecifity/reverse5330_filtered.fasta
/datater/wu/data/enterovirus/checkSpecifity/reverse5330_filtered.tsv
/datater/wu/data/enterovirus/checkSpecifity/reverse8632_filtered.fasta
/datater/wu/data/enterovirus/checkSpecifity/reverse8632_filtered.tsv
/datater/wu/data/enterovirus/checkSpecifity/reverse1520_filtered.fasta
/datater/wu/data/enterovirus/checkSpecifity/reverse1520_filtered.tsv
/datater/wu/data/enterovirus/checkSpecifity/reverse3298_filtered.fasta
/datater/wu/data/enterovirus/checkSpecifity/reverse3298_filtered.tsv
/datater/wu/data/enterovirus/checkSpecifity/reverse2790_filtered.fasta
/datater/wu/data/enterovirus/checkSpecifity/reverse2790_filtered.tsv
/datater/wu/data/enterovirus/checkSpecifity/reverse504_filtered.fasta
/datater/wu/data/enterovirus/checkSpecifity/reverse504_filtered.tsv
/datater/wu/data/enterovirus/checkSpecifity/reverse1012_filtered.fasta
/datater/wu/data/enterovirus/checkSpecifity/reverse1012_filtered.tsv
