/datater/wu/data/tmp/sars2.uniq.fasta
/datater/wu/data/tmp/sars2.uniq.cls95.fasta.DB.1.ebwt
/datater/wu/data/tmp/sars2.uniq.cls95.fasta.DB.2.ebwt
/datater/wu/data/tmp/sars2.uniq.cls95.fasta.DB.3.ebwt
/datater/wu/data/tmp/sars2.uniq.cls95.fasta.DB.4.ebwt
/datater/wu/data/tmp/sars2.uniq.cls95.fasta.DB.rev.1.ebwt
/datater/wu/data/tmp/sars2.uniq.cls95.fasta.DB.rev.2.ebwt
/datater/wu/data/tmp/sars2.uniq.cls95.fasta
