/datater/wu/data/enterovirus/checkSpecifity/reverse7616_filtered.blatn.out
/datater/wu/data/enterovirus/checkSpecifity/reverse3806_filtered.blatn.out
/datater/wu/data/enterovirus/checkSpecifity/reverse504_filtered.blatn.out
/datater/wu/data/enterovirus/checkSpecifity/reverse4822_filtered.blatn.out
/datater/wu/data/enterovirus/checkSpecifity/reverse4060_filtered.blatn.out
/datater/wu/data/enterovirus/checkSpecifity/reverse8124_filtered.blatn.out
/datater/wu/data/enterovirus/checkSpecifity/reverse6092_filtered.blatn.out
/datater/wu/data/enterovirus/checkSpecifity/reverse5584_filtered.blatn.out
/datater/wu/data/enterovirus/checkSpecifity/reverse7362_filtered.blatn.out
/datater/wu/data/enterovirus/checkSpecifity/reverse8632_filtered.blatn.out
/datater/wu/data/enterovirus/checkSpecifity/reverse2028_filtered.blatn.out
/datater/wu/data/enterovirus/checkSpecifity/reverse6346_filtered.blatn.out
/datater/wu/data/enterovirus/checkSpecifity/reverse3044_filtered.blatn.out
/datater/wu/data/enterovirus/checkSpecifity/reverse8378_filtered.blatn.out
/datater/wu/data/enterovirus/checkSpecifity/reverse7108_filtered.blatn.out
/datater/wu/data/enterovirus/checkSpecifity/reverse2790_filtered.blatn.out
/datater/wu/data/enterovirus/checkSpecifity/reverse1520_filtered.blatn.out
/datater/wu/data/enterovirus/checkSpecifity/reverse4314_filtered.blatn.out
/datater/wu/data/enterovirus/checkSpecifity/reverse5838_filtered.blatn.out
/datater/wu/data/enterovirus/checkSpecifity/reverse7870_filtered.blatn.out
